
Microsoft Visual Studio Solution File, Format Version 12.00
# Visual Studio Version 17
VisualStudioVersion = 17.10.35013.160
MinimumVisualStudioVersion = 10.0.40219.1
Project("{FAE04EC0-301F-11D3-BF4B-00C04F79EFBC}") = "ProjetoNoticia", "ProjetoNoticia\ProjetoNoticia.csproj", "{384FDC3C-5FED-40C0-AF9B-D371B034027C}"
EndProject
Global
	GlobalSection(SolutionConfigurationPlatforms) = preSolution
		Debug|Any CPU = Debug|Any CPU
		Release|Any CPU = Release|Any CPU
	EndGlobalSection
	GlobalSection(ProjectConfigurationPlatforms) = postSolution
		{384FDC3C-5FED-40C0-AF9B-D371B034027C}.Debug|Any CPU.ActiveCfg = Debug|Any CPU
		{384FDC3C-5FED-40C0-AF9B-D371B034027C}.Debug|Any CPU.Build.0 = Debug|Any CPU
		{384FDC3C-5FED-40C0-AF9B-D371B034027C}.Release|Any CPU.ActiveCfg = Release|Any CPU
		{384FDC3C-5FED-40C0-AF9B-D371B034027C}.Release|Any CPU.Build.0 = Release|Any CPU
	EndGlobalSection
	GlobalSection(SolutionProperties) = preSolution
		HideSolutionNode = FALSE
	EndGlobalSection
	GlobalSection(ExtensibilityGlobals) = postSolution
		SolutionGuid = {E2DEC529-234F-4F7B-BBE0-ACD6ED5FAA65}
	EndGlobalSection
EndGlobal
